
Microsoft Visual Studio Solution File, Format Version 12.00
# Visual Studio Version 16
VisualStudioVersion = 16.0.31911.196
MinimumVisualStudioVersion = 10.0.40219.1
Project("{FAE04EC0-301F-11D3-BF4B-00C04F79EFBC}") = "11CompSciFinalEval", "11CompSciFinalEval\11CompSciFinalEval.csproj", "{1A97A01C-6652-40B8-8824-9D1F50A80CFE}"
EndProject
Global
	GlobalSection(SolutionConfigurationPlatforms) = preSolution
		Debug|Any CPU = Debug|Any CPU
		Release|Any CPU = Release|Any CPU
	EndGlobalSection
	GlobalSection(ProjectConfigurationPlatforms) = postSolution
		{1A97A01C-6652-40B8-8824-9D1F50A80CFE}.Debug|Any CPU.ActiveCfg = Debug|Any CPU
		{1A97A01C-6652-40B8-8824-9D1F50A80CFE}.Debug|Any CPU.Build.0 = Debug|Any CPU
		{1A97A01C-6652-40B8-8824-9D1F50A80CFE}.Release|Any CPU.ActiveCfg = Release|Any CPU
		{1A97A01C-6652-40B8-8824-9D1F50A80CFE}.Release|Any CPU.Build.0 = Release|Any CPU
	EndGlobalSection
	GlobalSection(SolutionProperties) = preSolution
		HideSolutionNode = FALSE
	EndGlobalSection
	GlobalSection(ExtensibilityGlobals) = postSolution
		SolutionGuid = {8E2973AE-A8BF-4EC7-880F-672CD2C050C9}
	EndGlobalSection
EndGlobal
